
Microsoft Visual Studio Solution File, Format Version 12.00
# Visual Studio 2013
VisualStudioVersion = 12.0.30723.0
MinimumVisualStudioVersion = 10.0.40219.1
Project("{FAE04EC0-301F-11D3-BF4B-00C04F79EFBC}") = "BeautySNS.Admin", "BeautySNS\BeautySNS.Admin.csproj", "{3FEC3613-6D48-4A63-A9A8-7EC8EB512400}"
EndProject
Project("{FAE04EC0-301F-11D3-BF4B-00C04F79EFBC}") = "BeautySNS.Domain", "BeautySNS.Domain\BeautySNS.Domain.csproj", "{B2CFE683-E5E3-4337-BB8D-4AB3357A29A8}"
EndProject
Global
	GlobalSection(SolutionConfigurationPlatforms) = preSolution
		Debug|Any CPU = Debug|Any CPU
		Release|Any CPU = Release|Any CPU
	EndGlobalSection
	GlobalSection(ProjectConfigurationPlatforms) = postSolution
		{3FEC3613-6D48-4A63-A9A8-7EC8EB512400}.Debug|Any CPU.ActiveCfg = Debug|Any CPU
		{3FEC3613-6D48-4A63-A9A8-7EC8EB512400}.Debug|Any CPU.Build.0 = Debug|Any CPU
		{3FEC3613-6D48-4A63-A9A8-7EC8EB512400}.Release|Any CPU.ActiveCfg = Release|Any CPU
		{3FEC3613-6D48-4A63-A9A8-7EC8EB512400}.Release|Any CPU.Build.0 = Release|Any CPU
		{B2CFE683-E5E3-4337-BB8D-4AB3357A29A8}.Debug|Any CPU.ActiveCfg = Debug|Any CPU
		{B2CFE683-E5E3-4337-BB8D-4AB3357A29A8}.Debug|Any CPU.Build.0 = Debug|Any CPU
		{B2CFE683-E5E3-4337-BB8D-4AB3357A29A8}.Release|Any CPU.ActiveCfg = Release|Any CPU
		{B2CFE683-E5E3-4337-BB8D-4AB3357A29A8}.Release|Any CPU.Build.0 = Release|Any CPU
	EndGlobalSection
	GlobalSection(SolutionProperties) = preSolution
		HideSolutionNode = FALSE
	EndGlobalSection
EndGlobal
